{
  "name": "whatthecraft",
  "lockfileVersion": 3,
  "requires": true,
  "packages": {
    "": {
      "name": "whatthecraft",
      "dependencies": {
        "@instantdb/core": "^0.22.135"
      }
    },
    "node_modules/@instantdb/core": {
      "version": "0.22.135",
      "resolved": "https://registry.npmjs.org/@instantdb/core/-/core-0.22.135.tgz",
      "integrity": "sha512-ZcmPGrYNCZRC5SgPcGjtPsnXw5visqjgJVvGEmBBxI6j9OB28VXZjcebtWMZCjdedTJ4ZL1da0dRitw/bGr7cQ==",
      "dependencies": {
        "@instantdb/version": "0.22.135",
        "mutative": "^1.0.10",
        "uuid": "^11.1.0"
      }
    },
    "node_modules/@instantdb/version": {
      "version": "0.22.135",
      "resolved": "https://registry.npmjs.org/@instantdb/version/-/version-0.22.135.tgz",
      "integrity": "sha512-bd1ajyf0zjLJ/BU0tWmytYEhVF3yCySa+gbo8MCjaSytJECX6sP9blGXCIs5seIWYIH00iS+Lw0YfDik5PxlCw=="
    },
    "node_modules/mutative": {
      "version": "1.3.0",
      "resolved": "https://registry.npmjs.org/mutative/-/mutative-1.3.0.tgz",
      "integrity": "sha512-8MJj6URmOZAV70dpFe1YnSppRTKC4DsMkXQiBDFayLcDI4ljGokHxmpqaBQuDWa4iAxWaJJ1PS8vAmbntjjKmQ==",
      "license": "MIT",
      "engines": {
        "node": ">=14.0"
      }
    },
    "node_modules/uuid": {
      "version": "11.1.0",
      "resolved": "https://registry.npmjs.org/uuid/-/uuid-11.1.0.tgz",
      "integrity": "sha512-0/A9rDy9P7cJ+8w1c9WD9V//9Wj15Ce2MPz8Ri6032usz+NfePxx5AcN3bN+r6ZL6jEo066/yNYB3tn4pQEx+A==",
      "funding": [
        "https://github.com/sponsors/broofa",
        "https://github.com/sponsors/ctavan"
      ],
      "license": "MIT",
      "bin": {
        "uuid": "dist/esm/bin/uuid"
      }
    }
  }
}
